{
  "meteor": {
    "git": "https://github.com/meteor/meteor.git",
    "branch": "master",
    "commit": "f07715dc70de16a7aab84e56ab0c6cbd9c1f9dc6"
  },
  "dependencies": {
    "basePackages": {
      "underscore-string": {},
      "font-awesome": {},
      "pnotify": {}
    },
    "packages": {
      "underscore-string": {
        "git": "https://github.com/possibilities/meteor-underscore-string.git",
        "tag": "v2.2.0rc.1",
        "commit": "dec21fac23310daf76dc19f246749e7beb48af03"
      },
      "font-awesome": {
        "git": "https://github.com/nate-strauser/meteor-font-awesome.git",
        "tag": "v0.1.3",
        "commit": "e507577b97827de662866304f8b9d3d553e3912f"
      },
      "pnotify": {
        "git": "https://github.com/kidovate/meteor-pnotify.git",
        "tag": "v0.1.0",
        "commit": "1799e7a19759f8f5e8f2debd240024ee36f42fbc"
      }
    }
  }
}
